// !$*UTF8*$!
{
	archiveVersion = 1;
	classes = {
	};
	objectVersion = 51;
	objects = {

/* Begin PBXBuildFile section */
		5AF16DA934B04E151E75225F /* Pods_NewsLetter.framework in Frameworks */ = {isa = PBXBuildFile; fileRef = BAC74B461B8C189D3F4631EB /* Pods_NewsLetter.framework */; };
		806EA7FC25DCB0B3005D8688 /* FilterBrandCell.swift in Sources */ = {isa = PBXBuildFile; fileRef = 806EA7FA25DCB0B3005D8688 /* FilterBrandCell.swift */; };
		806EA7FD25DCB0B3005D8688 /* FilterBrandCell.xib in Resources */ = {isa = PBXBuildFile; fileRef = 806EA7FB25DCB0B3005D8688 /* FilterBrandCell.xib */; };
		806EA80025DCB613005D8688 /* FilterBrandItemCell.swift in Sources */ = {isa = PBXBuildFile; fileRef = 806EA7FE25DCB613005D8688 /* FilterBrandItemCell.swift */; };
		806EA80125DCB613005D8688 /* FilterBrandItemCell.xib in Resources */ = {isa = PBXBuildFile; fileRef = 806EA7FF25DCB613005D8688 /* FilterBrandItemCell.xib */; };
		806EA80325DCCA7F005D8688 /* StringExtension.swift in Sources */ = {isa = PBXBuildFile; fileRef = 806EA80225DCCA7F005D8688 /* StringExtension.swift */; };
		806EA80525DCCFFD005D8688 /* UIViewExtension.swift in Sources */ = {isa = PBXBuildFile; fileRef = 806EA80425DCCFFD005D8688 /* UIViewExtension.swift */; };
		806EA80825DCD107005D8688 /* FilterDateCell.swift in Sources */ = {isa = PBXBuildFile; fileRef = 806EA80625DCD107005D8688 /* FilterDateCell.swift */; };
		806EA80925DCD107005D8688 /* FilterDateCell.xib in Resources */ = {isa = PBXBuildFile; fileRef = 806EA80725DCD107005D8688 /* FilterDateCell.xib */; };
		806EA80C25DCE131005D8688 /* FilterTitleCell.swift in Sources */ = {isa = PBXBuildFile; fileRef = 806EA80A25DCE131005D8688 /* FilterTitleCell.swift */; };
		806EA80D25DCE131005D8688 /* FilterTitleCell.xib in Resources */ = {isa = PBXBuildFile; fileRef = 806EA80B25DCE131005D8688 /* FilterTitleCell.xib */; };
		806EA81525DCED64005D8688 /* SearchTitleCell.swift in Sources */ = {isa = PBXBuildFile; fileRef = 806EA81325DCED64005D8688 /* SearchTitleCell.swift */; };
		806EA81625DCED64005D8688 /* SearchTitleCell.xib in Resources */ = {isa = PBXBuildFile; fileRef = 806EA81425DCED64005D8688 /* SearchTitleCell.xib */; };
		80ECB13E25FF10B400032FF4 /* DI_Common.swift in Sources */ = {isa = PBXBuildFile; fileRef = 80ECB13D25FF10B400032FF4 /* DI_Common.swift */; };
		91064C0725CAC6DC0086E2EF /* AppDelegate.swift in Sources */ = {isa = PBXBuildFile; fileRef = 91064C0625CAC6DC0086E2EF /* AppDelegate.swift */; };
		91064C0B25CAC6DC0086E2EF /* SplashViewController.swift in Sources */ = {isa = PBXBuildFile; fileRef = 91064C0A25CAC6DC0086E2EF /* SplashViewController.swift */; };
		91064C0E25CAC6DC0086E2EF /* Main.storyboard in Resources */ = {isa = PBXBuildFile; fileRef = 91064C0C25CAC6DC0086E2EF /* Main.storyboard */; };
		91064C1025CAC6DD0086E2EF /* Assets.xcassets in Resources */ = {isa = PBXBuildFile; fileRef = 91064C0F25CAC6DD0086E2EF /* Assets.xcassets */; };
		91064C1325CAC6DD0086E2EF /* LaunchScreen.storyboard in Resources */ = {isa = PBXBuildFile; fileRef = 91064C1125CAC6DD0086E2EF /* LaunchScreen.storyboard */; };
		91064C2325CAD1090086E2EF /* LoginManager.swift in Sources */ = {isa = PBXBuildFile; fileRef = 91064C2225CAD1090086E2EF /* LoginManager.swift */; };
		91064C2725CAD74E0086E2EF /* KeyChainService.swift in Sources */ = {isa = PBXBuildFile; fileRef = 91064C2625CAD74E0086E2EF /* KeyChainService.swift */; };
		91064C2B25CAD9D60086E2EF /* Extensions.swift in Sources */ = {isa = PBXBuildFile; fileRef = 91064C2A25CAD9D60086E2EF /* Extensions.swift */; };
		91064C3025CADA380086E2EF /* ConstGroup.swift in Sources */ = {isa = PBXBuildFile; fileRef = 91064C2F25CADA380086E2EF /* ConstGroup.swift */; };
		910A75EF25D376FA00F16E3F /* LoginViewController.swift in Sources */ = {isa = PBXBuildFile; fileRef = 910A75EE25D376FA00F16E3F /* LoginViewController.swift */; };
		910A75F125D378DD00F16E3F /* CommonFunction.swift in Sources */ = {isa = PBXBuildFile; fileRef = 910A75F025D378DD00F16E3F /* CommonFunction.swift */; };
		910A75F325D39A3300F16E3F /* SignupEmailViewController.swift in Sources */ = {isa = PBXBuildFile; fileRef = 910A75F225D39A3300F16E3F /* SignupEmailViewController.swift */; };
		910A75F525D3A56600F16E3F /* DI_UserInfo.swift in Sources */ = {isa = PBXBuildFile; fileRef = 910A75F425D3A56600F16E3F /* DI_UserInfo.swift */; };
		910A75FB25D3A63700F16E3F /* DIR_User.swift in Sources */ = {isa = PBXBuildFile; fileRef = 910A75FA25D3A63700F16E3F /* DIR_User.swift */; };
		910A75FD25D3A91300F16E3F /* SignupPasswordViewController.swift in Sources */ = {isa = PBXBuildFile; fileRef = 910A75FC25D3A91300F16E3F /* SignupPasswordViewController.swift */; };
		910A760425D3B64D00F16E3F /* HomeNewLettersCell.swift in Sources */ = {isa = PBXBuildFile; fileRef = 910A760225D3B64D00F16E3F /* HomeNewLettersCell.swift */; };
		910A760525D3B64D00F16E3F /* HomeNewLettersCell.xib in Resources */ = {isa = PBXBuildFile; fileRef = 910A760325D3B64D00F16E3F /* HomeNewLettersCell.xib */; };
		91418FFE25CFE0AD0097248D /* ApiManager.swift in Sources */ = {isa = PBXBuildFile; fileRef = 91418FFD25CFE0AD0097248D /* ApiManager.swift */; };
		9143BBD825FA4776004185EF /* CommonErrorViewController.swift in Sources */ = {isa = PBXBuildFile; fileRef = 9143BBD725FA4776004185EF /* CommonErrorViewController.swift */; };
		9143BBE225FA5E74004185EF /* MemberManager.swift in Sources */ = {isa = PBXBuildFile; fileRef = 9143BBE125FA5E74004185EF /* MemberManager.swift */; };
		91733A3025E69E99009BBB04 /* Poppins-Bold.ttf in Resources */ = {isa = PBXBuildFile; fileRef = 91733A2E25E69E99009BBB04 /* Poppins-Bold.ttf */; };
		91733A3125E69E99009BBB04 /* Poppins-Medium.ttf in Resources */ = {isa = PBXBuildFile; fileRef = 91733A2F25E69E99009BBB04 /* Poppins-Medium.ttf */; };
		917EDC3825CD126800AF600A /* Login.storyboard in Resources */ = {isa = PBXBuildFile; fileRef = 917EDC3725CD126800AF600A /* Login.storyboard */; };
		917EDC3B25CD129000AF600A /* AccountViewController.swift in Sources */ = {isa = PBXBuildFile; fileRef = 917EDC3A25CD129000AF600A /* AccountViewController.swift */; };
		917EDC4225CD160E00AF600A /* SignupNameViewController.swift in Sources */ = {isa = PBXBuildFile; fileRef = 917EDC4125CD160E00AF600A /* SignupNameViewController.swift */; };
		917EDC4625CD190F00AF600A /* MainCenter.storyboard in Resources */ = {isa = PBXBuildFile; fileRef = 917EDC4525CD190F00AF600A /* MainCenter.storyboard */; };
		917EDC4925CD192D00AF600A /* HomeViewController.swift in Sources */ = {isa = PBXBuildFile; fileRef = 917EDC4825CD192D00AF600A /* HomeViewController.swift */; };
		917EDC5925CD330700AF600A /* MainCenterViewController.swift in Sources */ = {isa = PBXBuildFile; fileRef = 917EDC5825CD330700AF600A /* MainCenterViewController.swift */; };
		917EDC5F25CD37F700AF600A /* SearchViewController.swift in Sources */ = {isa = PBXBuildFile; fileRef = 917EDC5E25CD37F700AF600A /* SearchViewController.swift */; };
		917EDC6225CD381E00AF600A /* MypageViewController.swift in Sources */ = {isa = PBXBuildFile; fileRef = 917EDC6125CD381E00AF600A /* MypageViewController.swift */; };
		917EDC6525CD391900AF600A /* Mypage.storyboard in Resources */ = {isa = PBXBuildFile; fileRef = 917EDC6425CD391900AF600A /* Mypage.storyboard */; };
		917EDC6825CD393500AF600A /* SettingViewController.swift in Sources */ = {isa = PBXBuildFile; fileRef = 917EDC6725CD393500AF600A /* SettingViewController.swift */; };
		9183356625EBD0DC007721CD /* searchView.swift in Sources */ = {isa = PBXBuildFile; fileRef = 9183356525EBD0DC007721CD /* searchView.swift */; };
		9183356D25EBD531007721CD /* SearchBarCell.xib in Resources */ = {isa = PBXBuildFile; fileRef = 9183356B25EBD531007721CD /* SearchBarCell.xib */; };
		9183356E25EBD531007721CD /* SearchBarCell.swift in Sources */ = {isa = PBXBuildFile; fileRef = 9183356C25EBD531007721CD /* SearchBarCell.swift */; };
		9183357025EBE590007721CD /* CommonNavigationController.swift in Sources */ = {isa = PBXBuildFile; fileRef = 9183356F25EBE590007721CD /* CommonNavigationController.swift */; };
		91885B2B25ECF2F40000D8E6 /* SettingDivideCell.swift in Sources */ = {isa = PBXBuildFile; fileRef = 91885B2925ECF2F40000D8E6 /* SettingDivideCell.swift */; };
		91885B2C25ECF2F40000D8E6 /* SettingDivideCell.xib in Resources */ = {isa = PBXBuildFile; fileRef = 91885B2A25ECF2F40000D8E6 /* SettingDivideCell.xib */; };
		91885B3125ED18DB0000D8E6 /* HomeNoTitleCell.swift in Sources */ = {isa = PBXBuildFile; fileRef = 91885B2F25ED18DB0000D8E6 /* HomeNoTitleCell.swift */; };
		91885B3225ED18DB0000D8E6 /* HomeNoTitleCell.xib in Resources */ = {isa = PBXBuildFile; fileRef = 91885B3025ED18DB0000D8E6 /* HomeNoTitleCell.xib */; };
		91885B3525ED19F90000D8E6 /* HomeNoLetterCell.swift in Sources */ = {isa = PBXBuildFile; fileRef = 91885B3325ED19F90000D8E6 /* HomeNoLetterCell.swift */; };
		91885B3625ED19F90000D8E6 /* HomeNoLetterCell.xib in Resources */ = {isa = PBXBuildFile; fileRef = 91885B3425ED19F90000D8E6 /* HomeNoLetterCell.xib */; };
		91885B3C25ED200B0000D8E6 /* CommonAlertViewController.swift in Sources */ = {isa = PBXBuildFile; fileRef = 91885B3A25ED200B0000D8E6 /* CommonAlertViewController.swift */; };
		918C45D125F43AEF006871EA /* CommonViewController.swift in Sources */ = {isa = PBXBuildFile; fileRef = 918C45D025F43AEF006871EA /* CommonViewController.swift */; };
		91994F2B25CE81DD005D611C /* DataRequest.swift in Sources */ = {isa = PBXBuildFile; fileRef = 91994F2A25CE81DD005D611C /* DataRequest.swift */; };
		91ABDD6825DB526F00CD7C37 /* BigLetterBannerCell.swift in Sources */ = {isa = PBXBuildFile; fileRef = 91ABDD6625DB526F00CD7C37 /* BigLetterBannerCell.swift */; };
		91ABDD6925DB526F00CD7C37 /* BigLetterBannerCell.xib in Resources */ = {isa = PBXBuildFile; fileRef = 91ABDD6725DB526F00CD7C37 /* BigLetterBannerCell.xib */; };
		91ABDD6D25DB580900CD7C37 /* HomeFilterBarCell.swift in Sources */ = {isa = PBXBuildFile; fileRef = 91ABDD6B25DB580900CD7C37 /* HomeFilterBarCell.swift */; };
		91ABDD6E25DB580900CD7C37 /* HomeFilterBarCell.xib in Resources */ = {isa = PBXBuildFile; fileRef = 91ABDD6C25DB580900CD7C37 /* HomeFilterBarCell.xib */; };
		91ABDD7525DB5AE000CD7C37 /* SmallLetterBannerCell.swift in Sources */ = {isa = PBXBuildFile; fileRef = 91ABDD7325DB5AE000CD7C37 /* SmallLetterBannerCell.swift */; };
		91ABDD7625DB5AE000CD7C37 /* SmallLetterBannerCell.xib in Resources */ = {isa = PBXBuildFile; fileRef = 91ABDD7425DB5AE000CD7C37 /* SmallLetterBannerCell.xib */; };
		91AD442325FBADD600C1027A /* DI_Mail.swift in Sources */ = {isa = PBXBuildFile; fileRef = 91AD442225FBADD600C1027A /* DI_Mail.swift */; };
		91AFAA1825EFBB9400150098 /* Alert.storyboard in Resources */ = {isa = PBXBuildFile; fileRef = 91AFAA1725EFBB9400150098 /* Alert.storyboard */; };
		91AFAA1A25EFBD1700150098 /* DI_Alert.swift in Sources */ = {isa = PBXBuildFile; fileRef = 91AFAA1925EFBD1700150098 /* DI_Alert.swift */; };
		91B1606A25EE84B10072E4F9 /* MailDetail.storyboard in Resources */ = {isa = PBXBuildFile; fileRef = 91B1606925EE84B10072E4F9 /* MailDetail.storyboard */; };
		91B1606C25EE84CF0072E4F9 /* MailDetailViewController.swift in Sources */ = {isa = PBXBuildFile; fileRef = 91B1606B25EE84CF0072E4F9 /* MailDetailViewController.swift */; };
		91B9EC8525DE04F6006B3E68 /* LeftAlignedCollectionViewFlowLayout.swift in Sources */ = {isa = PBXBuildFile; fileRef = 91B9EC8425DE04F6006B3E68 /* LeftAlignedCollectionViewFlowLayout.swift */; };
		91B9ECA325DE46D1006B3E68 /* MypageProfileCell.swift in Sources */ = {isa = PBXBuildFile; fileRef = 91B9ECA125DE46D1006B3E68 /* MypageProfileCell.swift */; };
		91B9ECA425DE46D1006B3E68 /* MypageProfileCell.xib in Resources */ = {isa = PBXBuildFile; fileRef = 91B9ECA225DE46D1006B3E68 /* MypageProfileCell.xib */; };
		91B9ECAC25DE4BF5006B3E68 /* SettingTitleCell.swift in Sources */ = {isa = PBXBuildFile; fileRef = 91B9ECAA25DE4BF5006B3E68 /* SettingTitleCell.swift */; };
		91B9ECAD25DE4BF5006B3E68 /* SettingTitleCell.xib in Resources */ = {isa = PBXBuildFile; fileRef = 91B9ECAB25DE4BF5006B3E68 /* SettingTitleCell.xib */; };
		91B9ECB025DE4C85006B3E68 /* SettingMenuCell.swift in Sources */ = {isa = PBXBuildFile; fileRef = 91B9ECAE25DE4C85006B3E68 /* SettingMenuCell.swift */; };
		91B9ECB125DE4C85006B3E68 /* SettingMenuCell.xib in Resources */ = {isa = PBXBuildFile; fileRef = 91B9ECAF25DE4C85006B3E68 /* SettingMenuCell.xib */; };
		91B9ECB725DE5157006B3E68 /* ProfileEditViewController.swift in Sources */ = {isa = PBXBuildFile; fileRef = 91B9ECB625DE5157006B3E68 /* ProfileEditViewController.swift */; };
		91B9ECB925DE55CE006B3E68 /* LettersEditViewController.swift in Sources */ = {isa = PBXBuildFile; fileRef = 91B9ECB825DE55CE006B3E68 /* LettersEditViewController.swift */; };
		91B9ECBC25DE56AD006B3E68 /* SubscribeLetterCell.swift in Sources */ = {isa = PBXBuildFile; fileRef = 91B9ECBA25DE56AD006B3E68 /* SubscribeLetterCell.swift */; };
		91B9ECBD25DE56AD006B3E68 /* SubscribeLetterCell.xib in Resources */ = {isa = PBXBuildFile; fileRef = 91B9ECBB25DE56AD006B3E68 /* SubscribeLetterCell.xib */; };
		91D3862225D241BB00235438 /* HomeTitleCell.swift in Sources */ = {isa = PBXBuildFile; fileRef = 91D3862025D241BB00235438 /* HomeTitleCell.swift */; };
		91D3862325D241BB00235438 /* HomeTitleCell.xib in Resources */ = {isa = PBXBuildFile; fileRef = 91D3862125D241BB00235438 /* HomeTitleCell.xib */; };
		91D3862E25D2531B00235438 /* CommonCollectionViewCell.swift in Sources */ = {isa = PBXBuildFile; fileRef = 91D3862D25D2531B00235438 /* CommonCollectionViewCell.swift */; };
		91D3863025D2701D00235438 /* Home.storyboard in Resources */ = {isa = PBXBuildFile; fileRef = 91D3862F25D2701D00235438 /* Home.storyboard */; };
		91D3863525D2703600235438 /* FilterViewController.swift in Sources */ = {isa = PBXBuildFile; fileRef = 91D3863425D2703600235438 /* FilterViewController.swift */; };
		91D7D30D25E670CA002FF440 /* DI_Mypage.swift in Sources */ = {isa = PBXBuildFile; fileRef = 91D7D30C25E670CA002FF440 /* DI_Mypage.swift */; };
		91D7D31025E67191002FF440 /* DIR_Mypage.swift in Sources */ = {isa = PBXBuildFile; fileRef = 91D7D30F25E67191002FF440 /* DIR_Mypage.swift */; };
		91D7D31E25E686D3002FF440 /* NotoSansKR-Bold.otf in Resources */ = {isa = PBXBuildFile; fileRef = 91D7D31C25E6869E002FF440 /* NotoSansKR-Bold.otf */; };
		91D7D31F25E686D5002FF440 /* NotoSansKR-Medium.otf in Resources */ = {isa = PBXBuildFile; fileRef = 91D7D31D25E6869E002FF440 /* NotoSansKR-Medium.otf */; };
		91D7D32125E68A6F002FF440 /* NotoSansKR-Regular.otf in Resources */ = {isa = PBXBuildFile; fileRef = 91D7D32025E68A6F002FF440 /* NotoSansKR-Regular.otf */; };
		91D7D32325E68B37002FF440 /* Poppins-Regular.ttf in Resources */ = {isa = PBXBuildFile; fileRef = 91D7D32225E68B37002FF440 /* Poppins-Regular.ttf */; };
		91F3ADB7260098AB00548A64 /* DIR_Mail.swift in Sources */ = {isa = PBXBuildFile; fileRef = 91F3ADB6260098AB00548A64 /* DIR_Mail.swift */; };
/* End PBXBuildFile section */

/* Begin PBXCopyFilesBuildPhase section */
		91994F0125CE7018005D611C /* Embed Frameworks */ = {
			isa = PBXCopyFilesBuildPhase;
			buildActionMask = 2147483647;
			dstPath = "";
			dstSubfolderSpec = 10;
			files = (
			);
			name = "Embed Frameworks";
			runOnlyForDeploymentPostprocessing = 0;
		};
/* End PBXCopyFilesBuildPhase section */

/* Begin PBXFileReference section */
		806EA7FA25DCB0B3005D8688 /* FilterBrandCell.swift */ = {isa = PBXFileReference; lastKnownFileType = sourcecode.swift; path = FilterBrandCell.swift; sourceTree = "<group>"; };
		806EA7FB25DCB0B3005D8688 /* FilterBrandCell.xib */ = {isa = PBXFileReference; lastKnownFileType = file.xib; path = FilterBrandCell.xib; sourceTree = "<group>"; };
		806EA7FE25DCB613005D8688 /* FilterBrandItemCell.swift */ = {isa = PBXFileReference; lastKnownFileType = sourcecode.swift; path = FilterBrandItemCell.swift; sourceTree = "<group>"; };
		806EA7FF25DCB613005D8688 /* FilterBrandItemCell.xib */ = {isa = PBXFileReference; lastKnownFileType = file.xib; path = FilterBrandItemCell.xib; sourceTree = "<group>"; };
		806EA80225DCCA7F005D8688 /* StringExtension.swift */ = {isa = PBXFileReference; lastKnownFileType = sourcecode.swift; path = StringExtension.swift; sourceTree = "<group>"; };
		806EA80425DCCFFD005D8688 /* UIViewExtension.swift */ = {isa = PBXFileReference; lastKnownFileType = sourcecode.swift; path = UIViewExtension.swift; sourceTree = "<group>"; };
		806EA80625DCD107005D8688 /* FilterDateCell.swift */ = {isa = PBXFileReference; lastKnownFileType = sourcecode.swift; path = FilterDateCell.swift; sourceTree = "<group>"; };
		806EA80725DCD107005D8688 /* FilterDateCell.xib */ = {isa = PBXFileReference; lastKnownFileType = file.xib; path = FilterDateCell.xib; sourceTree = "<group>"; };
		806EA80A25DCE131005D8688 /* FilterTitleCell.swift */ = {isa = PBXFileReference; lastKnownFileType = sourcecode.swift; path = FilterTitleCell.swift; sourceTree = "<group>"; };
		806EA80B25DCE131005D8688 /* FilterTitleCell.xib */ = {isa = PBXFileReference; lastKnownFileType = file.xib; path = FilterTitleCell.xib; sourceTree = "<group>"; };
		806EA81325DCED64005D8688 /* SearchTitleCell.swift */ = {isa = PBXFileReference; lastKnownFileType = sourcecode.swift; path = SearchTitleCell.swift; sourceTree = "<group>"; };
		806EA81425DCED64005D8688 /* SearchTitleCell.xib */ = {isa = PBXFileReference; lastKnownFileType = file.xib; path = SearchTitleCell.xib; sourceTree = "<group>"; };
		80ECB13D25FF10B400032FF4 /* DI_Common.swift */ = {isa = PBXFileReference; lastKnownFileType = sourcecode.swift; path = DI_Common.swift; sourceTree = "<group>"; };
		91064C0325CAC6DC0086E2EF /* NewsLetter.app */ = {isa = PBXFileReference; explicitFileType = wrapper.application; includeInIndex = 0; path = NewsLetter.app; sourceTree = BUILT_PRODUCTS_DIR; };
		91064C0625CAC6DC0086E2EF /* AppDelegate.swift */ = {isa = PBXFileReference; lastKnownFileType = sourcecode.swift; path = AppDelegate.swift; sourceTree = "<group>"; };
		91064C0A25CAC6DC0086E2EF /* SplashViewController.swift */ = {isa = PBXFileReference; lastKnownFileType = sourcecode.swift; path = SplashViewController.swift; sourceTree = "<group>"; };
		91064C0D25CAC6DC0086E2EF /* Base */ = {isa = PBXFileReference; lastKnownFileType = file.storyboard; name = Base; path = Base.lproj/Main.storyboard; sourceTree = "<group>"; };
		91064C0F25CAC6DD0086E2EF /* Assets.xcassets */ = {isa = PBXFileReference; lastKnownFileType = folder.assetcatalog; path = Assets.xcassets; sourceTree = "<group>"; };
		91064C1225CAC6DD0086E2EF /* Base */ = {isa = PBXFileReference; lastKnownFileType = file.storyboard; name = Base; path = Base.lproj/LaunchScreen.storyboard; sourceTree = "<group>"; };
		91064C1425CAC6DD0086E2EF /* Info.plist */ = {isa = PBXFileReference; lastKnownFileType = text.plist.xml; path = Info.plist; sourceTree = "<group>"; };
		91064C2225CAD1090086E2EF /* LoginManager.swift */ = {isa = PBXFileReference; lastKnownFileType = sourcecode.swift; path = LoginManager.swift; sourceTree = "<group>"; };
		91064C2625CAD74E0086E2EF /* KeyChainService.swift */ = {isa = PBXFileReference; lastKnownFileType = sourcecode.swift; path = KeyChainService.swift; sourceTree = "<group>"; };
		91064C2A25CAD9D60086E2EF /* Extensions.swift */ = {isa = PBXFileReference; lastKnownFileType = sourcecode.swift; path = Extensions.swift; sourceTree = "<group>"; };
		91064C2F25CADA380086E2EF /* ConstGroup.swift */ = {isa = PBXFileReference; lastKnownFileType = sourcecode.swift; path = ConstGroup.swift; sourceTree = "<group>"; };
		910A75EE25D376FA00F16E3F /* LoginViewController.swift */ = {isa = PBXFileReference; lastKnownFileType = sourcecode.swift; path = LoginViewController.swift; sourceTree = "<group>"; };
		910A75F025D378DD00F16E3F /* CommonFunction.swift */ = {isa = PBXFileReference; lastKnownFileType = sourcecode.swift; path = CommonFunction.swift; sourceTree = "<group>"; };
		910A75F225D39A3300F16E3F /* SignupEmailViewController.swift */ = {isa = PBXFileReference; lastKnownFileType = sourcecode.swift; path = SignupEmailViewController.swift; sourceTree = "<group>"; };
		910A75F425D3A56600F16E3F /* DI_UserInfo.swift */ = {isa = PBXFileReference; lastKnownFileType = sourcecode.swift; path = DI_UserInfo.swift; sourceTree = "<group>"; };
		910A75FA25D3A63700F16E3F /* DIR_User.swift */ = {isa = PBXFileReference; lastKnownFileType = sourcecode.swift; path = DIR_User.swift; sourceTree = "<group>"; };
		910A75FC25D3A91300F16E3F /* SignupPasswordViewController.swift */ = {isa = PBXFileReference; lastKnownFileType = sourcecode.swift; path = SignupPasswordViewController.swift; sourceTree = "<group>"; };
		910A760225D3B64D00F16E3F /* HomeNewLettersCell.swift */ = {isa = PBXFileReference; lastKnownFileType = sourcecode.swift; path = HomeNewLettersCell.swift; sourceTree = "<group>"; };
		910A760325D3B64D00F16E3F /* HomeNewLettersCell.xib */ = {isa = PBXFileReference; lastKnownFileType = file.xib; path = HomeNewLettersCell.xib; sourceTree = "<group>"; };
		91418FFD25CFE0AD0097248D /* ApiManager.swift */ = {isa = PBXFileReference; lastKnownFileType = sourcecode.swift; path = ApiManager.swift; sourceTree = "<group>"; };
		9143BBD725FA4776004185EF /* CommonErrorViewController.swift */ = {isa = PBXFileReference; lastKnownFileType = sourcecode.swift; path = CommonErrorViewController.swift; sourceTree = "<group>"; };
		9143BBE125FA5E74004185EF /* MemberManager.swift */ = {isa = PBXFileReference; lastKnownFileType = sourcecode.swift; path = MemberManager.swift; sourceTree = "<group>"; };
		91733A2E25E69E99009BBB04 /* Poppins-Bold.ttf */ = {isa = PBXFileReference; lastKnownFileType = file; path = "Poppins-Bold.ttf"; sourceTree = "<group>"; };
		91733A2F25E69E99009BBB04 /* Poppins-Medium.ttf */ = {isa = PBXFileReference; lastKnownFileType = file; path = "Poppins-Medium.ttf"; sourceTree = "<group>"; };
		917EDC3725CD126800AF600A /* Login.storyboard */ = {isa = PBXFileReference; lastKnownFileType = file.storyboard; path = Login.storyboard; sourceTree = "<group>"; };
		917EDC3A25CD129000AF600A /* AccountViewController.swift */ = {isa = PBXFileReference; lastKnownFileType = sourcecode.swift; path = AccountViewController.swift; sourceTree = "<group>"; };
		917EDC4125CD160E00AF600A /* SignupNameViewController.swift */ = {isa = PBXFileReference; lastKnownFileType = sourcecode.swift; path = SignupNameViewController.swift; sourceTree = "<group>"; };
		917EDC4525CD190F00AF600A /* MainCenter.storyboard */ = {isa = PBXFileReference; lastKnownFileType = file.storyboard; path = MainCenter.storyboard; sourceTree = "<group>"; };
		917EDC4825CD192D00AF600A /* HomeViewController.swift */ = {isa = PBXFileReference; lastKnownFileType = sourcecode.swift; path = HomeViewController.swift; sourceTree = "<group>"; };
		917EDC5825CD330700AF600A /* MainCenterViewController.swift */ = {isa = PBXFileReference; lastKnownFileType = sourcecode.swift; path = MainCenterViewController.swift; sourceTree = "<group>"; };
		917EDC5E25CD37F700AF600A /* SearchViewController.swift */ = {isa = PBXFileReference; lastKnownFileType = sourcecode.swift; path = SearchViewController.swift; sourceTree = "<group>"; };
		917EDC6125CD381E00AF600A /* MypageViewController.swift */ = {isa = PBXFileReference; lastKnownFileType = sourcecode.swift; path = MypageViewController.swift; sourceTree = "<group>"; };
		917EDC6425CD391900AF600A /* Mypage.storyboard */ = {isa = PBXFileReference; lastKnownFileType = file.storyboard; path = Mypage.storyboard; sourceTree = "<group>"; };
		917EDC6725CD393500AF600A /* SettingViewController.swift */ = {isa = PBXFileReference; lastKnownFileType = sourcecode.swift; path = SettingViewController.swift; sourceTree = "<group>"; };
		9183356525EBD0DC007721CD /* searchView.swift */ = {isa = PBXFileReference; lastKnownFileType = sourcecode.swift; path = searchView.swift; sourceTree = "<group>"; };
		9183356B25EBD531007721CD /* SearchBarCell.xib */ = {isa = PBXFileReference; fileEncoding = 4; lastKnownFileType = file.xib; path = SearchBarCell.xib; sourceTree = "<group>"; };
		9183356C25EBD531007721CD /* SearchBarCell.swift */ = {isa = PBXFileReference; fileEncoding = 4; lastKnownFileType = sourcecode.swift; path = SearchBarCell.swift; sourceTree = "<group>"; };
		9183356F25EBE590007721CD /* CommonNavigationController.swift */ = {isa = PBXFileReference; lastKnownFileType = sourcecode.swift; path = CommonNavigationController.swift; sourceTree = "<group>"; };
		91885B2925ECF2F40000D8E6 /* SettingDivideCell.swift */ = {isa = PBXFileReference; lastKnownFileType = sourcecode.swift; path = SettingDivideCell.swift; sourceTree = "<group>"; };
		91885B2A25ECF2F40000D8E6 /* SettingDivideCell.xib */ = {isa = PBXFileReference; lastKnownFileType = file.xib; path = SettingDivideCell.xib; sourceTree = "<group>"; };
		91885B2F25ED18DB0000D8E6 /* HomeNoTitleCell.swift */ = {isa = PBXFileReference; lastKnownFileType = sourcecode.swift; path = HomeNoTitleCell.swift; sourceTree = "<group>"; };
		91885B3025ED18DB0000D8E6 /* HomeNoTitleCell.xib */ = {isa = PBXFileReference; lastKnownFileType = file.xib; path = HomeNoTitleCell.xib; sourceTree = "<group>"; };
		91885B3325ED19F90000D8E6 /* HomeNoLetterCell.swift */ = {isa = PBXFileReference; lastKnownFileType = sourcecode.swift; path = HomeNoLetterCell.swift; sourceTree = "<group>"; };
		91885B3425ED19F90000D8E6 /* HomeNoLetterCell.xib */ = {isa = PBXFileReference; lastKnownFileType = file.xib; path = HomeNoLetterCell.xib; sourceTree = "<group>"; };
		91885B3A25ED200B0000D8E6 /* CommonAlertViewController.swift */ = {isa = PBXFileReference; lastKnownFileType = sourcecode.swift; path = CommonAlertViewController.swift; sourceTree = "<group>"; };
		918C45D025F43AEF006871EA /* CommonViewController.swift */ = {isa = PBXFileReference; lastKnownFileType = sourcecode.swift; path = CommonViewController.swift; sourceTree = "<group>"; };
		91994F2A25CE81DD005D611C /* DataRequest.swift */ = {isa = PBXFileReference; lastKnownFileType = sourcecode.swift; path = DataRequest.swift; sourceTree = "<group>"; };
		91ABDD6625DB526F00CD7C37 /* BigLetterBannerCell.swift */ = {isa = PBXFileReference; lastKnownFileType = sourcecode.swift; path = BigLetterBannerCell.swift; sourceTree = "<group>"; };
		91ABDD6725DB526F00CD7C37 /* BigLetterBannerCell.xib */ = {isa = PBXFileReference; lastKnownFileType = file.xib; path = BigLetterBannerCell.xib; sourceTree = "<group>"; };
		91ABDD6B25DB580900CD7C37 /* HomeFilterBarCell.swift */ = {isa = PBXFileReference; lastKnownFileType = sourcecode.swift; path = HomeFilterBarCell.swift; sourceTree = "<group>"; };
		91ABDD6C25DB580900CD7C37 /* HomeFilterBarCell.xib */ = {isa = PBXFileReference; lastKnownFileType = file.xib; path = HomeFilterBarCell.xib; sourceTree = "<group>"; };
		91ABDD7325DB5AE000CD7C37 /* SmallLetterBannerCell.swift */ = {isa = PBXFileReference; lastKnownFileType = sourcecode.swift; path = SmallLetterBannerCell.swift; sourceTree = "<group>"; };
		91ABDD7425DB5AE000CD7C37 /* SmallLetterBannerCell.xib */ = {isa = PBXFileReference; lastKnownFileType = file.xib; path = SmallLetterBannerCell.xib; sourceTree = "<group>"; };
		91AD442225FBADD600C1027A /* DI_Mail.swift */ = {isa = PBXFileReference; lastKnownFileType = sourcecode.swift; path = DI_Mail.swift; sourceTree = "<group>"; };
		91AFAA1725EFBB9400150098 /* Alert.storyboard */ = {isa = PBXFileReference; lastKnownFileType = file.storyboard; path = Alert.storyboard; sourceTree = "<group>"; };
		91AFAA1925EFBD1700150098 /* DI_Alert.swift */ = {isa = PBXFileReference; lastKnownFileType = sourcecode.swift; path = DI_Alert.swift; sourceTree = "<group>"; };
		91B1606925EE84B10072E4F9 /* MailDetail.storyboard */ = {isa = PBXFileReference; lastKnownFileType = file.storyboard; path = MailDetail.storyboard; sourceTree = "<group>"; };
		91B1606B25EE84CF0072E4F9 /* MailDetailViewController.swift */ = {isa = PBXFileReference; lastKnownFileType = sourcecode.swift; path = MailDetailViewController.swift; sourceTree = "<group>"; };
		91B9EC8425DE04F6006B3E68 /* LeftAlignedCollectionViewFlowLayout.swift */ = {isa = PBXFileReference; lastKnownFileType = sourcecode.swift; path = LeftAlignedCollectionViewFlowLayout.swift; sourceTree = "<group>"; };
		91B9ECA125DE46D1006B3E68 /* MypageProfileCell.swift */ = {isa = PBXFileReference; lastKnownFileType = sourcecode.swift; path = MypageProfileCell.swift; sourceTree = "<group>"; };
		91B9ECA225DE46D1006B3E68 /* MypageProfileCell.xib */ = {isa = PBXFileReference; lastKnownFileType = file.xib; path = MypageProfileCell.xib; sourceTree = "<group>"; };
		91B9ECAA25DE4BF5006B3E68 /* SettingTitleCell.swift */ = {isa = PBXFileReference; lastKnownFileType = sourcecode.swift; path = SettingTitleCell.swift; sourceTree = "<group>"; };
		91B9ECAB25DE4BF5006B3E68 /* SettingTitleCell.xib */ = {isa = PBXFileReference; lastKnownFileType = file.xib; path = SettingTitleCell.xib; sourceTree = "<group>"; };
		91B9ECAE25DE4C85006B3E68 /* SettingMenuCell.swift */ = {isa = PBXFileReference; lastKnownFileType = sourcecode.swift; path = SettingMenuCell.swift; sourceTree = "<group>"; };
		91B9ECAF25DE4C85006B3E68 /* SettingMenuCell.xib */ = {isa = PBXFileReference; lastKnownFileType = file.xib; path = SettingMenuCell.xib; sourceTree = "<group>"; };
		91B9ECB625DE5157006B3E68 /* ProfileEditViewController.swift */ = {isa = PBXFileReference; lastKnownFileType = sourcecode.swift; path = ProfileEditViewController.swift; sourceTree = "<group>"; };
		91B9ECB825DE55CE006B3E68 /* LettersEditViewController.swift */ = {isa = PBXFileReference; lastKnownFileType = sourcecode.swift; path = LettersEditViewController.swift; sourceTree = "<group>"; };
		91B9ECBA25DE56AD006B3E68 /* SubscribeLetterCell.swift */ = {isa = PBXFileReference; lastKnownFileType = sourcecode.swift; path = SubscribeLetterCell.swift; sourceTree = "<group>"; };
		91B9ECBB25DE56AD006B3E68 /* SubscribeLetterCell.xib */ = {isa = PBXFileReference; lastKnownFileType = file.xib; path = SubscribeLetterCell.xib; sourceTree = "<group>"; };
		91D3862025D241BB00235438 /* HomeTitleCell.swift */ = {isa = PBXFileReference; lastKnownFileType = sourcecode.swift; path = HomeTitleCell.swift; sourceTree = "<group>"; };
		91D3862125D241BB00235438 /* HomeTitleCell.xib */ = {isa = PBXFileReference; lastKnownFileType = file.xib; path = HomeTitleCell.xib; sourceTree = "<group>"; };
		91D3862D25D2531B00235438 /* CommonCollectionViewCell.swift */ = {isa = PBXFileReference; lastKnownFileType = sourcecode.swift; path = CommonCollectionViewCell.swift; sourceTree = "<group>"; };
		91D3862F25D2701D00235438 /* Home.storyboard */ = {isa = PBXFileReference; lastKnownFileType = file.storyboard; path = Home.storyboard; sourceTree = "<group>"; };
		91D3863425D2703600235438 /* FilterViewController.swift */ = {isa = PBXFileReference; lastKnownFileType = sourcecode.swift; path = FilterViewController.swift; sourceTree = "<group>"; };
		91D7D30C25E670CA002FF440 /* DI_Mypage.swift */ = {isa = PBXFileReference; lastKnownFileType = sourcecode.swift; path = DI_Mypage.swift; sourceTree = "<group>"; };
		91D7D30F25E67191002FF440 /* DIR_Mypage.swift */ = {isa = PBXFileReference; lastKnownFileType = sourcecode.swift; path = DIR_Mypage.swift; sourceTree = "<group>"; };
		91D7D31C25E6869E002FF440 /* NotoSansKR-Bold.otf */ = {isa = PBXFileReference; lastKnownFileType = file; path = "NotoSansKR-Bold.otf"; sourceTree = "<group>"; };
		91D7D31D25E6869E002FF440 /* NotoSansKR-Medium.otf */ = {isa = PBXFileReference; lastKnownFileType = file; path = "NotoSansKR-Medium.otf"; sourceTree = "<group>"; };
		91D7D32025E68A6F002FF440 /* NotoSansKR-Regular.otf */ = {isa = PBXFileReference; lastKnownFileType = file; path = "NotoSansKR-Regular.otf"; sourceTree = "<group>"; };
		91D7D32225E68B37002FF440 /* Poppins-Regular.ttf */ = {isa = PBXFileReference; lastKnownFileType = file; path = "Poppins-Regular.ttf"; sourceTree = "<group>"; };
		91F3ADB6260098AB00548A64 /* DIR_Mail.swift */ = {isa = PBXFileReference; lastKnownFileType = sourcecode.swift; path = DIR_Mail.swift; sourceTree = "<group>"; };
		BAC74B461B8C189D3F4631EB /* Pods_NewsLetter.framework */ = {isa = PBXFileReference; explicitFileType = wrapper.framework; includeInIndex = 0; path = Pods_NewsLetter.framework; sourceTree = BUILT_PRODUCTS_DIR; };
		E65595458D4F8616A4031FF6 /* Pods-NewsLetter.release.xcconfig */ = {isa = PBXFileReference; includeInIndex = 1; lastKnownFileType = text.xcconfig; name = "Pods-NewsLetter.release.xcconfig"; path = "Target Support Files/Pods-NewsLetter/Pods-NewsLetter.release.xcconfig"; sourceTree = "<group>"; };
		F600D2C01707A2B8D3553D9F /* Pods-NewsLetter.debug.xcconfig */ = {isa = PBXFileReference; includeInIndex = 1; lastKnownFileType = text.xcconfig; name = "Pods-NewsLetter.debug.xcconfig"; path = "Target Support Files/Pods-NewsLetter/Pods-NewsLetter.debug.xcconfig"; sourceTree = "<group>"; };
/* End PBXFileReference section */

/* Begin PBXFrameworksBuildPhase section */
		91064C0025CAC6DC0086E2EF /* Frameworks */ = {
			isa = PBXFrameworksBuildPhase;
			buildActionMask = 2147483647;
			files = (
				5AF16DA934B04E151E75225F /* Pods_NewsLetter.framework in Frameworks */,
			);
			runOnlyForDeploymentPostprocessing = 0;
		};
/* End PBXFrameworksBuildPhase section */

/* Begin PBXGroup section */
		335BB3CC9256F206FEE8F3FB /* Pods */ = {
			isa = PBXGroup;
			children = (
				F600D2C01707A2B8D3553D9F /* Pods-NewsLetter.debug.xcconfig */,
				E65595458D4F8616A4031FF6 /* Pods-NewsLetter.release.xcconfig */,
			);
			path = Pods;
			sourceTree = "<group>";
		};
		806EA80E25DCEA0D005D8688 /* cell */ = {
			isa = PBXGroup;
			children = (
				806EA81325DCED64005D8688 /* SearchTitleCell.swift */,
				9183356C25EBD531007721CD /* SearchBarCell.swift */,
				9183356B25EBD531007721CD /* SearchBarCell.xib */,
				806EA81425DCED64005D8688 /* SearchTitleCell.xib */,
				9183356525EBD0DC007721CD /* searchView.swift */,
			);
			path = cell;
			sourceTree = "<group>";
		};
		91064BFA25CAC6DC0086E2EF = {
			isa = PBXGroup;
			children = (
				91064C0525CAC6DC0086E2EF /* NewsLetter */,
				91064C0425CAC6DC0086E2EF /* Products */,
				91994EFE25CE7018005D611C /* Frameworks */,
				335BB3CC9256F206FEE8F3FB /* Pods */,
			);
			sourceTree = "<group>";
		};
		91064C0425CAC6DC0086E2EF /* Products */ = {
			isa = PBXGroup;
			children = (
				91064C0325CAC6DC0086E2EF /* NewsLetter.app */,
			);
			name = Products;
			sourceTree = "<group>";
		};
		91064C0525CAC6DC0086E2EF /* NewsLetter */ = {
			isa = PBXGroup;
			children = (
				91064C2925CAD9A30086E2EF /* Independent */,
				91064C0625CAC6DC0086E2EF /* AppDelegate.swift */,
				91064C1D25CAC7750086E2EF /* Splash */,
				91064C2125CAD0F00086E2EF /* Login */,
				91885B3925ED1FE70000D8E6 /* Alert */,
				917EDC5B25CD371200AF600A /* TabBar */,
				917EDC4425CD18F200AF600A /* Home */,
				917EDC5D25CD373900AF600A /* Search */,
				917EDC5C25CD372A00AF600A /* MyPage */,
				91B1606825EE7FC10072E4F9 /* MailDetail */,
				91064C0F25CAC6DD0086E2EF /* Assets.xcassets */,
				91064C1425CAC6DD0086E2EF /* Info.plist */,
			);
			path = NewsLetter;
			sourceTree = "<group>";
		};
		91064C1D25CAC7750086E2EF /* Splash */ = {
			isa = PBXGroup;
			children = (
				91064C1125CAC6DD0086E2EF /* LaunchScreen.storyboard */,
				91064C0C25CAC6DC0086E2EF /* Main.storyboard */,
				91064C0A25CAC6DC0086E2EF /* SplashViewController.swift */,
			);
			path = Splash;
			sourceTree = "<group>";
		};
		91064C2125CAD0F00086E2EF /* Login */ = {
			isa = PBXGroup;
			children = (
				91D3860F25D1035700235438 /* DIR */,
				91D3860E25D1034300235438 /* DI */,
				910A75EB25D375B500F16E3F /* Controller */,
				91064C2225CAD1090086E2EF /* LoginManager.swift */,
				91064C2625CAD74E0086E2EF /* KeyChainService.swift */,
				917EDC3725CD126800AF600A /* Login.storyboard */,
			);
			path = Login;
			sourceTree = "<group>";
		};
		91064C2925CAD9A30086E2EF /* Independent */ = {
			isa = PBXGroup;
			children = (
				91064C2A25CAD9D60086E2EF /* Extensions.swift */,
				806EA80225DCCA7F005D8688 /* StringExtension.swift */,
				806EA80425DCCFFD005D8688 /* UIViewExtension.swift */,
				91064C2F25CADA380086E2EF /* ConstGroup.swift */,
				91994F2A25CE81DD005D611C /* DataRequest.swift */,
				91418FFD25CFE0AD0097248D /* ApiManager.swift */,
				91D3862D25D2531B00235438 /* CommonCollectionViewCell.swift */,
				910A75F025D378DD00F16E3F /* CommonFunction.swift */,
				91B9EC8425DE04F6006B3E68 /* LeftAlignedCollectionViewFlowLayout.swift */,
				9183356F25EBE590007721CD /* CommonNavigationController.swift */,
				918C45D025F43AEF006871EA /* CommonViewController.swift */,
			);
			path = Independent;
			sourceTree = "<group>";
		};
		910A75EB25D375B500F16E3F /* Controller */ = {
			isa = PBXGroup;
			children = (
				917EDC3A25CD129000AF600A /* AccountViewController.swift */,
				910A75EE25D376FA00F16E3F /* LoginViewController.swift */,
				917EDC4125CD160E00AF600A /* SignupNameViewController.swift */,
				910A75F225D39A3300F16E3F /* SignupEmailViewController.swift */,
				910A75FC25D3A91300F16E3F /* SignupPasswordViewController.swift */,
			);
			path = Controller;
			sourceTree = "<group>";
		};
		917EDC4425CD18F200AF600A /* Home */ = {
			isa = PBXGroup;
			children = (
				91F3ADB52600989B00548A64 /* DIR */,
				91AD442125FBADC600C1027A /* DI */,
				91ABDD6A25DB57DD00CD7C37 /* filterCell */,
				91D3861F25D2419F00235438 /* cell */,
				917EDC4825CD192D00AF600A /* HomeViewController.swift */,
				91D3862F25D2701D00235438 /* Home.storyboard */,
				91D3863425D2703600235438 /* FilterViewController.swift */,
			);
			path = Home;
			sourceTree = "<group>";
		};
		917EDC5B25CD371200AF600A /* TabBar */ = {
			isa = PBXGroup;
			children = (
				917EDC5825CD330700AF600A /* MainCenterViewController.swift */,
				917EDC4525CD190F00AF600A /* MainCenter.storyboard */,
			);
			path = TabBar;
			sourceTree = "<group>";
		};
		917EDC5C25CD372A00AF600A /* MyPage */ = {
			isa = PBXGroup;
			children = (
				91D7D30E25E67187002FF440 /* DIR */,
				91D7D30B25E670B7002FF440 /* DI */,
				91B9ECA925DE4BDD006B3E68 /* settingCell */,
				91B9EC9625DE4603006B3E68 /* cell */,
				917EDC6425CD391900AF600A /* Mypage.storyboard */,
				917EDC6125CD381E00AF600A /* MypageViewController.swift */,
				917EDC6725CD393500AF600A /* SettingViewController.swift */,
				91B9ECB625DE5157006B3E68 /* ProfileEditViewController.swift */,
				91B9ECB825DE55CE006B3E68 /* LettersEditViewController.swift */,
				91D7D31925E6868E002FF440 /* Font */,
			);
			path = MyPage;
			sourceTree = "<group>";
		};
		917EDC5D25CD373900AF600A /* Search */ = {
			isa = PBXGroup;
			children = (
				806EA80E25DCEA0D005D8688 /* cell */,
				917EDC5E25CD37F700AF600A /* SearchViewController.swift */,
			);
			path = Search;
			sourceTree = "<group>";
		};
		91885B3925ED1FE70000D8E6 /* Alert */ = {
			isa = PBXGroup;
			children = (
				91885B3A25ED200B0000D8E6 /* CommonAlertViewController.swift */,
				91AFAA1725EFBB9400150098 /* Alert.storyboard */,
				91AFAA1925EFBD1700150098 /* DI_Alert.swift */,
				9143BBD725FA4776004185EF /* CommonErrorViewController.swift */,
			);
			path = Alert;
			sourceTree = "<group>";
		};
		91994EFE25CE7018005D611C /* Frameworks */ = {
			isa = PBXGroup;
			children = (
				BAC74B461B8C189D3F4631EB /* Pods_NewsLetter.framework */,
			);
			name = Frameworks;
			sourceTree = "<group>";
		};
		91ABDD6A25DB57DD00CD7C37 /* filterCell */ = {
			isa = PBXGroup;
			children = (
				806EA7FA25DCB0B3005D8688 /* FilterBrandCell.swift */,
				806EA7FB25DCB0B3005D8688 /* FilterBrandCell.xib */,
				806EA7FE25DCB613005D8688 /* FilterBrandItemCell.swift */,
				806EA7FF25DCB613005D8688 /* FilterBrandItemCell.xib */,
				806EA80625DCD107005D8688 /* FilterDateCell.swift */,
				806EA80725DCD107005D8688 /* FilterDateCell.xib */,
				806EA80A25DCE131005D8688 /* FilterTitleCell.swift */,
				806EA80B25DCE131005D8688 /* FilterTitleCell.xib */,
			);
			path = filterCell;
			sourceTree = "<group>";
		};
		91ACBE4425EE878400DD7271 /* cell */ = {
			isa = PBXGroup;
			children = (
			);
			path = cell;
			sourceTree = "<group>";
		};
		91AD442125FBADC600C1027A /* DI */ = {
			isa = PBXGroup;
			children = (
				91AD442225FBADD600C1027A /* DI_Mail.swift */,
			);
			path = DI;
			sourceTree = "<group>";
		};
		91B1606825EE7FC10072E4F9 /* MailDetail */ = {
			isa = PBXGroup;
			children = (
				91ACBE4425EE878400DD7271 /* cell */,
				91B1606925EE84B10072E4F9 /* MailDetail.storyboard */,
				91B1606B25EE84CF0072E4F9 /* MailDetailViewController.swift */,
			);
			path = MailDetail;
			sourceTree = "<group>";
		};
		91B9EC9625DE4603006B3E68 /* cell */ = {
			isa = PBXGroup;
			children = (
				91B9ECA125DE46D1006B3E68 /* MypageProfileCell.swift */,
				91B9ECA225DE46D1006B3E68 /* MypageProfileCell.xib */,
			);
			path = cell;
			sourceTree = "<group>";
		};
		91B9ECA925DE4BDD006B3E68 /* settingCell */ = {
			isa = PBXGroup;
			children = (
				91B9ECAA25DE4BF5006B3E68 /* SettingTitleCell.swift */,
				91B9ECAB25DE4BF5006B3E68 /* SettingTitleCell.xib */,
				91B9ECAE25DE4C85006B3E68 /* SettingMenuCell.swift */,
				91B9ECAF25DE4C85006B3E68 /* SettingMenuCell.xib */,
				91B9ECBA25DE56AD006B3E68 /* SubscribeLetterCell.swift */,
				91B9ECBB25DE56AD006B3E68 /* SubscribeLetterCell.xib */,
				91885B2925ECF2F40000D8E6 /* SettingDivideCell.swift */,
				91885B2A25ECF2F40000D8E6 /* SettingDivideCell.xib */,
			);
			path = settingCell;
			sourceTree = "<group>";
		};
		91D3860E25D1034300235438 /* DI */ = {
			isa = PBXGroup;
			children = (
				910A75F425D3A56600F16E3F /* DI_UserInfo.swift */,
				9143BBE125FA5E74004185EF /* MemberManager.swift */,
				80ECB13D25FF10B400032FF4 /* DI_Common.swift */,
			);
			path = DI;
			sourceTree = "<group>";
		};
		91D3860F25D1035700235438 /* DIR */ = {
			isa = PBXGroup;
			children = (
				910A75FA25D3A63700F16E3F /* DIR_User.swift */,
			);
			path = DIR;
			sourceTree = "<group>";
		};
		91D3861F25D2419F00235438 /* cell */ = {
			isa = PBXGroup;
			children = (
				91D3862025D241BB00235438 /* HomeTitleCell.swift */,
				91D3862125D241BB00235438 /* HomeTitleCell.xib */,
				910A760225D3B64D00F16E3F /* HomeNewLettersCell.swift */,
				910A760325D3B64D00F16E3F /* HomeNewLettersCell.xib */,
				91ABDD6625DB526F00CD7C37 /* BigLetterBannerCell.swift */,
				91ABDD6725DB526F00CD7C37 /* BigLetterBannerCell.xib */,
				91ABDD6B25DB580900CD7C37 /* HomeFilterBarCell.swift */,
				91ABDD6C25DB580900CD7C37 /* HomeFilterBarCell.xib */,
				91ABDD7325DB5AE000CD7C37 /* SmallLetterBannerCell.swift */,
				91ABDD7425DB5AE000CD7C37 /* SmallLetterBannerCell.xib */,
				91885B2F25ED18DB0000D8E6 /* HomeNoTitleCell.swift */,
				91885B3025ED18DB0000D8E6 /* HomeNoTitleCell.xib */,
				91885B3325ED19F90000D8E6 /* HomeNoLetterCell.swift */,
				91885B3425ED19F90000D8E6 /* HomeNoLetterCell.xib */,
			);
			path = cell;
			sourceTree = "<group>";
		};
		91D7D30B25E670B7002FF440 /* DI */ = {
			isa = PBXGroup;
			children = (
				91D7D30C25E670CA002FF440 /* DI_Mypage.swift */,
			);
			path = DI;
			sourceTree = "<group>";
		};
		91D7D30E25E67187002FF440 /* DIR */ = {
			isa = PBXGroup;
			children = (
				91D7D30F25E67191002FF440 /* DIR_Mypage.swift */,
			);
			path = DIR;
			sourceTree = "<group>";
		};
		91D7D31925E6868E002FF440 /* Font */ = {
			isa = PBXGroup;
			children = (
				91733A2E25E69E99009BBB04 /* Poppins-Bold.ttf */,
				91733A2F25E69E99009BBB04 /* Poppins-Medium.ttf */,
				91D7D32225E68B37002FF440 /* Poppins-Regular.ttf */,
				91D7D32025E68A6F002FF440 /* NotoSansKR-Regular.otf */,
				91D7D31C25E6869E002FF440 /* NotoSansKR-Bold.otf */,
				91D7D31D25E6869E002FF440 /* NotoSansKR-Medium.otf */,
			);
			name = Font;
			path = NewsLetter/Font;
			sourceTree = SOURCE_ROOT;
		};
		91F3ADB52600989B00548A64 /* DIR */ = {
			isa = PBXGroup;
			children = (
				91F3ADB6260098AB00548A64 /* DIR_Mail.swift */,
			);
			path = DIR;
			sourceTree = "<group>";
		};
/* End PBXGroup section */

/* Begin PBXNativeTarget section */
		91064C0225CAC6DC0086E2EF /* NewsLetter */ = {
			isa = PBXNativeTarget;
			buildConfigurationList = 91064C1725CAC6DD0086E2EF /* Build configuration list for PBXNativeTarget "NewsLetter" */;
			buildPhases = (
				F17DFC4EE622B75754F0112E /* [CP] Check Pods Manifest.lock */,
				91064BFF25CAC6DC0086E2EF /* Sources */,
				91064C0025CAC6DC0086E2EF /* Frameworks */,
				91064C0125CAC6DC0086E2EF /* Resources */,
				91994F0125CE7018005D611C /* Embed Frameworks */,
				AE972B09AE96740304863DFF /* [CP] Embed Pods Frameworks */,
			);
			buildRules = (
			);
			dependencies = (
			);
			name = NewsLetter;
			productName = NewsLetter;
			productReference = 91064C0325CAC6DC0086E2EF /* NewsLetter.app */;
			productType = "com.apple.product-type.application";
		};
/* End PBXNativeTarget section */

/* Begin PBXProject section */
		91064BFB25CAC6DC0086E2EF /* Project object */ = {
			isa = PBXProject;
			attributes = {
				LastSwiftUpdateCheck = 1230;
				LastUpgradeCheck = 1230;
				TargetAttributes = {
					91064C0225CAC6DC0086E2EF = {
						CreatedOnToolsVersion = 12.3;
					};
				};
			};
			buildConfigurationList = 91064BFE25CAC6DC0086E2EF /* Build configuration list for PBXProject "NewsLetter" */;
			compatibilityVersion = "Xcode 9.3";
			developmentRegion = en;
			hasScannedForEncodings = 0;
			knownRegions = (
				en,
				Base,
			);
			mainGroup = 91064BFA25CAC6DC0086E2EF;
			productRefGroup = 91064C0425CAC6DC0086E2EF /* Products */;
			projectDirPath = "";
			projectRoot = "";
			targets = (
				91064C0225CAC6DC0086E2EF /* NewsLetter */,
			);
		};
/* End PBXProject section */

/* Begin PBXResourcesBuildPhase section */
		91064C0125CAC6DC0086E2EF /* Resources */ = {
			isa = PBXResourcesBuildPhase;
			buildActionMask = 2147483647;
			files = (
				91ABDD6925DB526F00CD7C37 /* BigLetterBannerCell.xib in Resources */,
				91D3862325D241BB00235438 /* HomeTitleCell.xib in Resources */,
				91B9ECA425DE46D1006B3E68 /* MypageProfileCell.xib in Resources */,
				806EA80D25DCE131005D8688 /* FilterTitleCell.xib in Resources */,
				806EA81625DCED64005D8688 /* SearchTitleCell.xib in Resources */,
				91B9ECB125DE4C85006B3E68 /* SettingMenuCell.xib in Resources */,
				917EDC3825CD126800AF600A /* Login.storyboard in Resources */,
				910A760525D3B64D00F16E3F /* HomeNewLettersCell.xib in Resources */,
				91B1606A25EE84B10072E4F9 /* MailDetail.storyboard in Resources */,
				917EDC6525CD391900AF600A /* Mypage.storyboard in Resources */,
				91885B3625ED19F90000D8E6 /* HomeNoLetterCell.xib in Resources */,
				91B9ECBD25DE56AD006B3E68 /* SubscribeLetterCell.xib in Resources */,
				91885B3225ED18DB0000D8E6 /* HomeNoTitleCell.xib in Resources */,
				806EA80125DCB613005D8688 /* FilterBrandItemCell.xib in Resources */,
				91D7D31E25E686D3002FF440 /* NotoSansKR-Bold.otf in Resources */,
				806EA80925DCD107005D8688 /* FilterDateCell.xib in Resources */,
				91ABDD6E25DB580900CD7C37 /* HomeFilterBarCell.xib in Resources */,
				91733A3125E69E99009BBB04 /* Poppins-Medium.ttf in Resources */,
				806EA7FD25DCB0B3005D8688 /* FilterBrandCell.xib in Resources */,
				91D7D31F25E686D5002FF440 /* NotoSansKR-Medium.otf in Resources */,
				91D7D32125E68A6F002FF440 /* NotoSansKR-Regular.otf in Resources */,
				917EDC4625CD190F00AF600A /* MainCenter.storyboard in Resources */,
				91064C1325CAC6DD0086E2EF /* LaunchScreen.storyboard in Resources */,
				91064C1025CAC6DD0086E2EF /* Assets.xcassets in Resources */,
				91D7D32325E68B37002FF440 /* Poppins-Regular.ttf in Resources */,
				91733A3025E69E99009BBB04 /* Poppins-Bold.ttf in Resources */,
				91064C0E25CAC6DC0086E2EF /* Main.storyboard in Resources */,
				91D3863025D2701D00235438 /* Home.storyboard in Resources */,
				91AFAA1825EFBB9400150098 /* Alert.storyboard in Resources */,
				91B9ECAD25DE4BF5006B3E68 /* SettingTitleCell.xib in Resources */,
				91885B2C25ECF2F40000D8E6 /* SettingDivideCell.xib in Resources */,
				91ABDD7625DB5AE000CD7C37 /* SmallLetterBannerCell.xib in Resources */,
				9183356D25EBD531007721CD /* SearchBarCell.xib in Resources */,
			);
			runOnlyForDeploymentPostprocessing = 0;
		};
/* End PBXResourcesBuildPhase section */

/* Begin PBXShellScriptBuildPhase section */
		AE972B09AE96740304863DFF /* [CP] Embed Pods Frameworks */ = {
			isa = PBXShellScriptBuildPhase;
			buildActionMask = 2147483647;
			files = (
			);
			inputFileListPaths = (
				"${PODS_ROOT}/Target Support Files/Pods-NewsLetter/Pods-NewsLetter-frameworks-${CONFIGURATION}-input-files.xcfilelist",
			);
			name = "[CP] Embed Pods Frameworks";
			outputFileListPaths = (
				"${PODS_ROOT}/Target Support Files/Pods-NewsLetter/Pods-NewsLetter-frameworks-${CONFIGURATION}-output-files.xcfilelist",
			);
			runOnlyForDeploymentPostprocessing = 0;
			shellPath = /bin/sh;
			shellScript = "\"${PODS_ROOT}/Target Support Files/Pods-NewsLetter/Pods-NewsLetter-frameworks.sh\"\n";
			showEnvVarsInLog = 0;
		};
		F17DFC4EE622B75754F0112E /* [CP] Check Pods Manifest.lock */ = {
			isa = PBXShellScriptBuildPhase;
			buildActionMask = 2147483647;
			files = (
			);
			inputFileListPaths = (
			);
			inputPaths = (
				"${PODS_PODFILE_DIR_PATH}/Podfile.lock",
				"${PODS_ROOT}/Manifest.lock",
			);
			name = "[CP] Check Pods Manifest.lock";
			outputFileListPaths = (
			);
			outputPaths = (
				"$(DERIVED_FILE_DIR)/Pods-NewsLetter-checkManifestLockResult.txt",
			);
			runOnlyForDeploymentPostprocessing = 0;
			shellPath = /bin/sh;
			shellScript = "diff \"${PODS_PODFILE_DIR_PATH}/Podfile.lock\" \"${PODS_ROOT}/Manifest.lock\" > /dev/null\nif [ $? != 0 ] ; then\n    # print error to STDERR\n    echo \"error: The sandbox is not in sync with the Podfile.lock. Run 'pod install' or update your CocoaPods installation.\" >&2\n    exit 1\nfi\n# This output is used by Xcode 'outputs' to avoid re-running this script phase.\necho \"SUCCESS\" > \"${SCRIPT_OUTPUT_FILE_0}\"\n";
			showEnvVarsInLog = 0;
		};
/* End PBXShellScriptBuildPhase section */

/* Begin PBXSourcesBuildPhase section */
		91064BFF25CAC6DC0086E2EF /* Sources */ = {
			isa = PBXSourcesBuildPhase;
			buildActionMask = 2147483647;
			files = (
				917EDC3B25CD129000AF600A /* AccountViewController.swift in Sources */,
				806EA80025DCB613005D8688 /* FilterBrandItemCell.swift in Sources */,
				910A75F125D378DD00F16E3F /* CommonFunction.swift in Sources */,
				9183357025EBE590007721CD /* CommonNavigationController.swift in Sources */,
				917EDC5F25CD37F700AF600A /* SearchViewController.swift in Sources */,
				91D7D31025E67191002FF440 /* DIR_Mypage.swift in Sources */,
				91B9EC8525DE04F6006B3E68 /* LeftAlignedCollectionViewFlowLayout.swift in Sources */,
				80ECB13E25FF10B400032FF4 /* DI_Common.swift in Sources */,
				806EA80325DCCA7F005D8688 /* StringExtension.swift in Sources */,
				806EA7FC25DCB0B3005D8688 /* FilterBrandCell.swift in Sources */,
				910A75FD25D3A91300F16E3F /* SignupPasswordViewController.swift in Sources */,
				91064C0B25CAC6DC0086E2EF /* SplashViewController.swift in Sources */,
				9183356625EBD0DC007721CD /* searchView.swift in Sources */,
				91B9ECAC25DE4BF5006B3E68 /* SettingTitleCell.swift in Sources */,
				917EDC6825CD393500AF600A /* SettingViewController.swift in Sources */,
				91B1606C25EE84CF0072E4F9 /* MailDetailViewController.swift in Sources */,
				917EDC6225CD381E00AF600A /* MypageViewController.swift in Sources */,
				910A75FB25D3A63700F16E3F /* DIR_User.swift in Sources */,
				917EDC4225CD160E00AF600A /* SignupNameViewController.swift in Sources */,
				91885B3125ED18DB0000D8E6 /* HomeNoTitleCell.swift in Sources */,
				91064C3025CADA380086E2EF /* ConstGroup.swift in Sources */,
				91418FFE25CFE0AD0097248D /* ApiManager.swift in Sources */,
				910A75EF25D376FA00F16E3F /* LoginViewController.swift in Sources */,
				806EA81525DCED64005D8688 /* SearchTitleCell.swift in Sources */,
				91B9ECBC25DE56AD006B3E68 /* SubscribeLetterCell.swift in Sources */,
				91994F2B25CE81DD005D611C /* DataRequest.swift in Sources */,
				91D3862225D241BB00235438 /* HomeTitleCell.swift in Sources */,
				910A75F325D39A3300F16E3F /* SignupEmailViewController.swift in Sources */,
				9143BBD825FA4776004185EF /* CommonErrorViewController.swift in Sources */,
				91064C2725CAD74E0086E2EF /* KeyChainService.swift in Sources */,
				91B9ECB725DE5157006B3E68 /* ProfileEditViewController.swift in Sources */,
				91D3862E25D2531B00235438 /* CommonCollectionViewCell.swift in Sources */,
				91ABDD7525DB5AE000CD7C37 /* SmallLetterBannerCell.swift in Sources */,
				91B9ECB025DE4C85006B3E68 /* SettingMenuCell.swift in Sources */,
				9143BBE225FA5E74004185EF /* MemberManager.swift in Sources */,
				91B9ECA325DE46D1006B3E68 /* MypageProfileCell.swift in Sources */,
				91ABDD6D25DB580900CD7C37 /* HomeFilterBarCell.swift in Sources */,
				91885B3525ED19F90000D8E6 /* HomeNoLetterCell.swift in Sources */,
				91D3863525D2703600235438 /* FilterViewController.swift in Sources */,
				806EA80525DCCFFD005D8688 /* UIViewExtension.swift in Sources */,
				91B9ECB925DE55CE006B3E68 /* LettersEditViewController.swift in Sources */,
				917EDC4925CD192D00AF600A /* HomeViewController.swift in Sources */,
				91064C0725CAC6DC0086E2EF /* AppDelegate.swift in Sources */,
				91885B2B25ECF2F40000D8E6 /* SettingDivideCell.swift in Sources */,
				91ABDD6825DB526F00CD7C37 /* BigLetterBannerCell.swift in Sources */,
				91F3ADB7260098AB00548A64 /* DIR_Mail.swift in Sources */,
				91AD442325FBADD600C1027A /* DI_Mail.swift in Sources */,
				91AFAA1A25EFBD1700150098 /* DI_Alert.swift in Sources */,
				91885B3C25ED200B0000D8E6 /* CommonAlertViewController.swift in Sources */,
				9183356E25EBD531007721CD /* SearchBarCell.swift in Sources */,
				918C45D125F43AEF006871EA /* CommonViewController.swift in Sources */,
				806EA80C25DCE131005D8688 /* FilterTitleCell.swift in Sources */,
				91064C2B25CAD9D60086E2EF /* Extensions.swift in Sources */,
				910A75F525D3A56600F16E3F /* DI_UserInfo.swift in Sources */,
				910A760425D3B64D00F16E3F /* HomeNewLettersCell.swift in Sources */,
				91D7D30D25E670CA002FF440 /* DI_Mypage.swift in Sources */,
				806EA80825DCD107005D8688 /* FilterDateCell.swift in Sources */,
				917EDC5925CD330700AF600A /* MainCenterViewController.swift in Sources */,
				91064C2325CAD1090086E2EF /* LoginManager.swift in Sources */,
			);
			runOnlyForDeploymentPostprocessing = 0;
		};
/* End PBXSourcesBuildPhase section */

/* Begin PBXVariantGroup section */
		91064C0C25CAC6DC0086E2EF /* Main.storyboard */ = {
			isa = PBXVariantGroup;
			children = (
				91064C0D25CAC6DC0086E2EF /* Base */,
			);
			name = Main.storyboard;
			sourceTree = "<group>";
		};
		91064C1125CAC6DD0086E2EF /* LaunchScreen.storyboard */ = {
			isa = PBXVariantGroup;
			children = (
				91064C1225CAC6DD0086E2EF /* Base */,
			);
			name = LaunchScreen.storyboard;
			sourceTree = "<group>";
		};
/* End PBXVariantGroup section */

/* Begin XCBuildConfiguration section */
		91064C1525CAC6DD0086E2EF /* Debug */ = {
			isa = XCBuildConfiguration;
			buildSettings = {
				ALWAYS_SEARCH_USER_PATHS = NO;
				CLANG_ANALYZER_NONNULL = YES;
				CLANG_ANALYZER_NUMBER_OBJECT_CONVERSION = YES_AGGRESSIVE;
				CLANG_CXX_LANGUAGE_STANDARD = "gnu++14";
				CLANG_CXX_LIBRARY = "libc++";
				CLANG_ENABLE_MODULES = YES;
				CLANG_ENABLE_OBJC_ARC = YES;
				CLANG_ENABLE_OBJC_WEAK = YES;
				CLANG_WARN_BLOCK_CAPTURE_AUTORELEASING = YES;
				CLANG_WARN_BOOL_CONVERSION = YES;
				CLANG_WARN_COMMA = YES;
				CLANG_WARN_CONSTANT_CONVERSION = YES;
				CLANG_WARN_DEPRECATED_OBJC_IMPLEMENTATIONS = YES;
				CLANG_WARN_DIRECT_OBJC_ISA_USAGE = YES_ERROR;
				CLANG_WARN_DOCUMENTATION_COMMENTS = YES;
				CLANG_WARN_EMPTY_BODY = YES;
				CLANG_WARN_ENUM_CONVERSION = YES;
				CLANG_WARN_INFINITE_RECURSION = YES;
				CLANG_WARN_INT_CONVERSION = YES;
				CLANG_WARN_NON_LITERAL_NULL_CONVERSION = YES;
				CLANG_WARN_OBJC_IMPLICIT_RETAIN_SELF = YES;
				CLANG_WARN_OBJC_LITERAL_CONVERSION = YES;
				CLANG_WARN_OBJC_ROOT_CLASS = YES_ERROR;
				CLANG_WARN_QUOTED_INCLUDE_IN_FRAMEWORK_HEADER = YES;
				CLANG_WARN_RANGE_LOOP_ANALYSIS = YES;
				CLANG_WARN_STRICT_PROTOTYPES = YES;
				CLANG_WARN_SUSPICIOUS_MOVE = YES;
				CLANG_WARN_UNGUARDED_AVAILABILITY = YES_AGGRESSIVE;
				CLANG_WARN_UNREACHABLE_CODE = YES;
				CLANG_WARN__DUPLICATE_METHOD_MATCH = YES;
				COPY_PHASE_STRIP = NO;
				DEBUG_INFORMATION_FORMAT = dwarf;
				ENABLE_STRICT_OBJC_MSGSEND = YES;
				ENABLE_TESTABILITY = YES;
				GCC_C_LANGUAGE_STANDARD = gnu11;
				GCC_DYNAMIC_NO_PIC = NO;
				GCC_NO_COMMON_BLOCKS = YES;
				GCC_OPTIMIZATION_LEVEL = 0;
				GCC_PREPROCESSOR_DEFINITIONS = (
					"DEBUG=1",
					"$(inherited)",
				);
				GCC_WARN_64_TO_32_BIT_CONVERSION = YES;
				GCC_WARN_ABOUT_RETURN_TYPE = YES_ERROR;
				GCC_WARN_UNDECLARED_SELECTOR = YES;
				GCC_WARN_UNINITIALIZED_AUTOS = YES_AGGRESSIVE;
				GCC_WARN_UNUSED_FUNCTION = YES;
				GCC_WARN_UNUSED_VARIABLE = YES;
				IPHONEOS_DEPLOYMENT_TARGET = 12.0;
				MTL_ENABLE_DEBUG_INFO = INCLUDE_SOURCE;
				MTL_FAST_MATH = YES;
				ONLY_ACTIVE_ARCH = YES;
				SDKROOT = iphoneos;
				SWIFT_ACTIVE_COMPILATION_CONDITIONS = DEBUG;
				SWIFT_OPTIMIZATION_LEVEL = "-Onone";
			};
			name = Debug;
		};
		91064C1625CAC6DD0086E2EF /* Release */ = {
			isa = XCBuildConfiguration;
			buildSettings = {
				ALWAYS_SEARCH_USER_PATHS = NO;
				CLANG_ANALYZER_NONNULL = YES;
				CLANG_ANALYZER_NUMBER_OBJECT_CONVERSION = YES_AGGRESSIVE;
				CLANG_CXX_LANGUAGE_STANDARD = "gnu++14";
				CLANG_CXX_LIBRARY = "libc++";
				CLANG_ENABLE_MODULES = YES;
				CLANG_ENABLE_OBJC_ARC = YES;
				CLANG_ENABLE_OBJC_WEAK = YES;
				CLANG_WARN_BLOCK_CAPTURE_AUTORELEASING = YES;
				CLANG_WARN_BOOL_CONVERSION = YES;
				CLANG_WARN_COMMA = YES;
				CLANG_WARN_CONSTANT_CONVERSION = YES;
				CLANG_WARN_DEPRECATED_OBJC_IMPLEMENTATIONS = YES;
				CLANG_WARN_DIRECT_OBJC_ISA_USAGE = YES_ERROR;
				CLANG_WARN_DOCUMENTATION_COMMENTS = YES;
				CLANG_WARN_EMPTY_BODY = YES;
				CLANG_WARN_ENUM_CONVERSION = YES;
				CLANG_WARN_INFINITE_RECURSION = YES;
				CLANG_WARN_INT_CONVERSION = YES;
				CLANG_WARN_NON_LITERAL_NULL_CONVERSION = YES;
				CLANG_WARN_OBJC_IMPLICIT_RETAIN_SELF = YES;
				CLANG_WARN_OBJC_LITERAL_CONVERSION = YES;
				CLANG_WARN_OBJC_ROOT_CLASS = YES_ERROR;
				CLANG_WARN_QUOTED_INCLUDE_IN_FRAMEWORK_HEADER = YES;
				CLANG_WARN_RANGE_LOOP_ANALYSIS = YES;
				CLANG_WARN_STRICT_PROTOTYPES = YES;
				CLANG_WARN_SUSPICIOUS_MOVE = YES;
				CLANG_WARN_UNGUARDED_AVAILABILITY = YES_AGGRESSIVE;
				CLANG_WARN_UNREACHABLE_CODE = YES;
				CLANG_WARN__DUPLICATE_METHOD_MATCH = YES;
				COPY_PHASE_STRIP = NO;
				DEBUG_INFORMATION_FORMAT = "dwarf-with-dsym";
				ENABLE_NS_ASSERTIONS = NO;
				ENABLE_STRICT_OBJC_MSGSEND = YES;
				GCC_C_LANGUAGE_STANDARD = gnu11;
				GCC_NO_COMMON_BLOCKS = YES;
				GCC_WARN_64_TO_32_BIT_CONVERSION = YES;
				GCC_WARN_ABOUT_RETURN_TYPE = YES_ERROR;
				GCC_WARN_UNDECLARED_SELECTOR = YES;
				GCC_WARN_UNINITIALIZED_AUTOS = YES_AGGRESSIVE;
				GCC_WARN_UNUSED_FUNCTION = YES;
				GCC_WARN_UNUSED_VARIABLE = YES;
				IPHONEOS_DEPLOYMENT_TARGET = 12.0;
				MTL_ENABLE_DEBUG_INFO = NO;
				MTL_FAST_MATH = YES;
				SDKROOT = iphoneos;
				SWIFT_COMPILATION_MODE = wholemodule;
				SWIFT_OPTIMIZATION_LEVEL = "-O";
				VALIDATE_PRODUCT = YES;
			};
			name = Release;
		};
		91064C1825CAC6DD0086E2EF /* Debug */ = {
			isa = XCBuildConfiguration;
			baseConfigurationReference = F600D2C01707A2B8D3553D9F /* Pods-NewsLetter.debug.xcconfig */;
			buildSettings = {
				ASSETCATALOG_COMPILER_APPICON_NAME = AppIcon;
				ASSETCATALOG_COMPILER_GLOBAL_ACCENT_COLOR_NAME = AccentColor;
				CODE_SIGN_STYLE = Automatic;
				DEVELOPMENT_TEAM = XH6SZSQLGV;
				INFOPLIST_FILE = NewsLetter/Info.plist;
				LD_RUNPATH_SEARCH_PATHS = (
					"$(inherited)",
					"@executable_path/Frameworks",
				);
				PRODUCT_BUNDLE_IDENTIFIER = jieun.NewsLetter;
				PRODUCT_NAME = "$(TARGET_NAME)";
				SWIFT_VERSION = 5.0;
				TARGETED_DEVICE_FAMILY = "1,2";
			};
			name = Debug;
		};
		91064C1925CAC6DD0086E2EF /* Release */ = {
			isa = XCBuildConfiguration;
			baseConfigurationReference = E65595458D4F8616A4031FF6 /* Pods-NewsLetter.release.xcconfig */;
			buildSettings = {
				ASSETCATALOG_COMPILER_APPICON_NAME = AppIcon;
				ASSETCATALOG_COMPILER_GLOBAL_ACCENT_COLOR_NAME = AccentColor;
				CODE_SIGN_STYLE = Automatic;
				DEVELOPMENT_TEAM = XH6SZSQLGV;
				INFOPLIST_FILE = NewsLetter/Info.plist;
				LD_RUNPATH_SEARCH_PATHS = (
					"$(inherited)",
					"@executable_path/Frameworks",
				);
				PRODUCT_BUNDLE_IDENTIFIER = jieun.NewsLetter;
				PRODUCT_NAME = "$(TARGET_NAME)";
				SWIFT_VERSION = 5.0;
				TARGETED_DEVICE_FAMILY = "1,2";
			};
			name = Release;
		};
/* End XCBuildConfiguration section */

/* Begin XCConfigurationList section */
		91064BFE25CAC6DC0086E2EF /* Build configuration list for PBXProject "NewsLetter" */ = {
			isa = XCConfigurationList;
			buildConfigurations = (
				91064C1525CAC6DD0086E2EF /* Debug */,
				91064C1625CAC6DD0086E2EF /* Release */,
			);
			defaultConfigurationIsVisible = 0;
			defaultConfigurationName = Release;
		};
		91064C1725CAC6DD0086E2EF /* Build configuration list for PBXNativeTarget "NewsLetter" */ = {
			isa = XCConfigurationList;
			buildConfigurations = (
				91064C1825CAC6DD0086E2EF /* Debug */,
				91064C1925CAC6DD0086E2EF /* Release */,
			);
			defaultConfigurationIsVisible = 0;
			defaultConfigurationName = Release;
		};
/* End XCConfigurationList section */
	};
	rootObject = 91064BFB25CAC6DC0086E2EF /* Project object */;
}
