PODS:
  - Alamofire (5.4.1)
  - DatePickerDialog (4.0)
  - Gifu (3.3)
  - Kingfisher (6.2.1)
  - ReachabilitySwift (5.0.0)

DEPENDENCIES:
  - Alamofire (~> 5.2)
  - DatePickerDialog
  - Gifu
  - Kingfisher (~> 6.0)
  - ReachabilitySwift

SPEC REPOS:
  trunk:
    - Alamofire
    - DatePickerDialog
    - Gifu
    - Kingfisher
    - ReachabilitySwift

SPEC CHECKSUMS:
  Alamofire: 2291f7d21ca607c491dd17642e5d40fdcda0e65c
  DatePickerDialog: ccff2f91ff7a018057a4d72fa5ad6de49c8cb0cd
  Gifu: 97c2a3c3865fbc834ab13f797e2e8e7729a1853c
  Kingfisher: e71c6fac2aebb1262888cabc2cb13d313362a48f
  ReachabilitySwift: 985039c6f7b23a1da463388634119492ff86c825

PODFILE CHECKSUM: 4beb800701090a16611bd9ae6a17bf1402a43c04

COCOAPODS: 1.10.0
