PODS:
  - Alamofire (5.4.1)
  - FSCalendar (2.8.2)
  - ReachabilitySwift (5.0.0)

DEPENDENCIES:
  - Alamofire (~> 5.2)
  - FSCalendar
  - ReachabilitySwift

SPEC REPOS:
  trunk:
    - Alamofire
    - FSCalendar
    - ReachabilitySwift

SPEC CHECKSUMS:
  Alamofire: 2291f7d21ca607c491dd17642e5d40fdcda0e65c
  FSCalendar: e6a2eb9c571bf0719ed797ef807e08426753c241
  ReachabilitySwift: 985039c6f7b23a1da463388634119492ff86c825

PODFILE CHECKSUM: e48bbb831e58e83fab94f82be4b17a11a3f833b8

COCOAPODS: 1.10.0
